
Microsoft Visual Studio Solution File, Format Version 11.00
# Visual Studio 2010
Project("{FAE04EC0-301F-11D3-BF4B-00C04F79EFBC}") = "psychology", "psychology\psychology\psychology.csproj", "{B15822CD-BB17-4B45-BC3D-3131CF6D4400}"
EndProject
Project("{96E2B04D-8817-42C6-938A-82C39BA4D311}") = "psychologyContent", "psychology\psychologyContent\psychologyContent.contentproj", "{0D123D17-8C04-4DD3-8F3C-F3999BCFCA3C}"
EndProject
Global
	GlobalSection(SolutionConfigurationPlatforms) = preSolution
		Debug|x86 = Debug|x86
		Release|x86 = Release|x86
	EndGlobalSection
	GlobalSection(ProjectConfigurationPlatforms) = postSolution
		{B15822CD-BB17-4B45-BC3D-3131CF6D4400}.Debug|x86.ActiveCfg = Debug|x86
		{B15822CD-BB17-4B45-BC3D-3131CF6D4400}.Debug|x86.Build.0 = Debug|x86
		{B15822CD-BB17-4B45-BC3D-3131CF6D4400}.Release|x86.ActiveCfg = Release|x86
		{B15822CD-BB17-4B45-BC3D-3131CF6D4400}.Release|x86.Build.0 = Release|x86
		{0D123D17-8C04-4DD3-8F3C-F3999BCFCA3C}.Debug|x86.ActiveCfg = Debug|x86
		{0D123D17-8C04-4DD3-8F3C-F3999BCFCA3C}.Release|x86.ActiveCfg = Release|x86
	EndGlobalSection
	GlobalSection(SolutionProperties) = preSolution
		HideSolutionNode = FALSE
	EndGlobalSection
EndGlobal
